
Microsoft Visual Studio Solution File, Format Version 12.00
# Visual Studio 15
VisualStudioVersion = 15.0.28307.572
MinimumVisualStudioVersion = 10.0.40219.1
Project("{FAE04EC0-301F-11D3-BF4B-00C04F79EFBC}") = "MongoDB", "MongoDB\MongoDB.csproj", "{00A126B9-5E3E-4BE0-A695-ACC7AF0DE52D}"
EndProject
Global
	GlobalSection(SolutionConfigurationPlatforms) = preSolution
		Debug|Any CPU = Debug|Any CPU
		Release|Any CPU = Release|Any CPU
	EndGlobalSection
	GlobalSection(ProjectConfigurationPlatforms) = postSolution
		{00A126B9-5E3E-4BE0-A695-ACC7AF0DE52D}.Debug|Any CPU.ActiveCfg = Debug|Any CPU
		{00A126B9-5E3E-4BE0-A695-ACC7AF0DE52D}.Debug|Any CPU.Build.0 = Debug|Any CPU
		{00A126B9-5E3E-4BE0-A695-ACC7AF0DE52D}.Release|Any CPU.ActiveCfg = Release|Any CPU
		{00A126B9-5E3E-4BE0-A695-ACC7AF0DE52D}.Release|Any CPU.Build.0 = Release|Any CPU
	EndGlobalSection
	GlobalSection(SolutionProperties) = preSolution
		HideSolutionNode = FALSE
	EndGlobalSection
	GlobalSection(ExtensibilityGlobals) = postSolution
		SolutionGuid = {8F0FA353-1BE9-44F8-ABFB-8CBBC9910262}
	EndGlobalSection
EndGlobal
